
Microsoft Visual Studio Solution File, Format Version 12.00
# Visual Studio Version 17
VisualStudioVersion = 17.8.34408.163
MinimumVisualStudioVersion = 10.0.40219.1
Project("{FAE04EC0-301F-11D3-BF4B-00C04F79EFBC}") = "BillingApp", "BillingApp.csproj", "{30B3DD98-458B-4078-AB7A-5D23DE6CEABE}"
EndProject
Global
	GlobalSection(SolutionConfigurationPlatforms) = preSolution
		Debug|Any CPU = Debug|Any CPU
		Release|Any CPU = Release|Any CPU
	EndGlobalSection
	GlobalSection(ProjectConfigurationPlatforms) = postSolution
		{30B3DD98-458B-4078-AB7A-5D23DE6CEABE}.Debug|Any CPU.ActiveCfg = Debug|Any CPU
		{30B3DD98-458B-4078-AB7A-5D23DE6CEABE}.Debug|Any CPU.Build.0 = Debug|Any CPU
		{30B3DD98-458B-4078-AB7A-5D23DE6CEABE}.Release|Any CPU.ActiveCfg = Release|Any CPU
		{30B3DD98-458B-4078-AB7A-5D23DE6CEABE}.Release|Any CPU.Build.0 = Release|Any CPU
	EndGlobalSection
	GlobalSection(SolutionProperties) = preSolution
		HideSolutionNode = FALSE
	EndGlobalSection
	GlobalSection(ExtensibilityGlobals) = postSolution
		SolutionGuid = {9AA862B3-95EB-4FC3-95A8-312B4C4296F5}
	EndGlobalSection
EndGlobal
