
Microsoft Visual Studio Solution File, Format Version 12.00
# Visual Studio Version 17
VisualStudioVersion = 17.8.34408.163
MinimumVisualStudioVersion = 10.0.40219.1
Project("{FAE04EC0-301F-11D3-BF4B-00C04F79EFBC}") = "MY Software", "MY Software.csproj", "{1D4E818D-37CE-4F9C-8536-B2B2A3FB9404}"
EndProject
Global
	GlobalSection(SolutionConfigurationPlatforms) = preSolution
		Debug|Any CPU = Debug|Any CPU
		Release|Any CPU = Release|Any CPU
	EndGlobalSection
	GlobalSection(ProjectConfigurationPlatforms) = postSolution
		{1D4E818D-37CE-4F9C-8536-B2B2A3FB9404}.Debug|Any CPU.ActiveCfg = Debug|Any CPU
		{1D4E818D-37CE-4F9C-8536-B2B2A3FB9404}.Debug|Any CPU.Build.0 = Debug|Any CPU
		{1D4E818D-37CE-4F9C-8536-B2B2A3FB9404}.Release|Any CPU.ActiveCfg = Release|Any CPU
		{1D4E818D-37CE-4F9C-8536-B2B2A3FB9404}.Release|Any CPU.Build.0 = Release|Any CPU
	EndGlobalSection
	GlobalSection(SolutionProperties) = preSolution
		HideSolutionNode = FALSE
	EndGlobalSection
	GlobalSection(ExtensibilityGlobals) = postSolution
		SolutionGuid = {33DBEAB9-6D5B-4AEA-8DCF-74C920B35812}
	EndGlobalSection
EndGlobal
